
Microsoft Visual Studio Solution File, Format Version 12.00
# Visual Studio 2012
Project("{FAE04EC0-301F-11D3-BF4B-00C04F79EFBC}") = "CopyLocalFixer", "CopyLocalFixer\CopyLocalFixer.csproj", "{8222AC9A-BBE4-4A41-AE84-37961681FECD}"
EndProject
Global
	GlobalSection(SolutionConfigurationPlatforms) = preSolution
		Debug|Any CPU = Debug|Any CPU
		Release|Any CPU = Release|Any CPU
	EndGlobalSection
	GlobalSection(ProjectConfigurationPlatforms) = postSolution
		{8222AC9A-BBE4-4A41-AE84-37961681FECD}.Debug|Any CPU.ActiveCfg = Debug|Any CPU
		{8222AC9A-BBE4-4A41-AE84-37961681FECD}.Debug|Any CPU.Build.0 = Debug|Any CPU
		{8222AC9A-BBE4-4A41-AE84-37961681FECD}.Release|Any CPU.ActiveCfg = Release|Any CPU
		{8222AC9A-BBE4-4A41-AE84-37961681FECD}.Release|Any CPU.Build.0 = Release|Any CPU
	EndGlobalSection
	GlobalSection(SolutionProperties) = preSolution
		HideSolutionNode = FALSE
	EndGlobalSection
EndGlobal
